// !$*UTF8*$!
{
	archiveVersion = 1;
	classes = {
	};
	objectVersion = 50;
	objects = {

/* Begin PBXBuildFile section */
		CA33ADF226520D05008BB5CC /* InitialViewController.swift in Sources */ = {isa = PBXBuildFile; fileRef = CA33ADF126520D05008BB5CC /* InitialViewController.swift */; };
		CA33ADF426520F91008BB5CC /* LocationData.swift in Sources */ = {isa = PBXBuildFile; fileRef = CA33ADF326520F91008BB5CC /* LocationData.swift */; };
		CA967C9E2651D8250075B16D /* AppDelegate.swift in Sources */ = {isa = PBXBuildFile; fileRef = CA967C9D2651D8250075B16D /* AppDelegate.swift */; };
		CA967CA02651D8250075B16D /* SceneDelegate.swift in Sources */ = {isa = PBXBuildFile; fileRef = CA967C9F2651D8250075B16D /* SceneDelegate.swift */; };
		CA967CA22651D8250075B16D /* ViewController.swift in Sources */ = {isa = PBXBuildFile; fileRef = CA967CA12651D8250075B16D /* ViewController.swift */; };
		CA967CA52651D8250075B16D /* Main.storyboard in Resources */ = {isa = PBXBuildFile; fileRef = CA967CA32651D8250075B16D /* Main.storyboard */; };
		CA967CA72651D82D0075B16D /* Assets.xcassets in Resources */ = {isa = PBXBuildFile; fileRef = CA967CA62651D82D0075B16D /* Assets.xcassets */; };
		CA967CAA2651D82D0075B16D /* LaunchScreen.storyboard in Resources */ = {isa = PBXBuildFile; fileRef = CA967CA82651D82D0075B16D /* LaunchScreen.storyboard */; };
		CA967CB22651DA150075B16D /* large_550_tmp_2F1500074681231-a4qcyidzlj-337bb56932b26bd2c98d56ca890dbfac_2FScreen+Shot+2017-07-14+at+7.23.55+PM.png in Resources */ = {isa = PBXBuildFile; fileRef = CA967CB12651DA150075B16D /* large_550_tmp_2F1500074681231-a4qcyidzlj-337bb56932b26bd2c98d56ca890dbfac_2FScreen+Shot+2017-07-14+at+7.23.55+PM.png */; };
		CA967CB42652A4930075B16D /* LocationService.swift in Sources */ = {isa = PBXBuildFile; fileRef = CA967CB32652A4930075B16D /* LocationService.swift */; };
		CA967CB626556C6D0075B16D /* initialBackground.png in Resources */ = {isa = PBXBuildFile; fileRef = CA967CB526556C6D0075B16D /* initialBackground.png */; };
		CA967CB82656E8EF0075B16D /* WashingtonParkOverlay.swift in Sources */ = {isa = PBXBuildFile; fileRef = CA967CB72656E8EF0075B16D /* WashingtonParkOverlay.swift */; };
/* End PBXBuildFile section */

/* Begin PBXFileReference section */
		CA33ADF126520D05008BB5CC /* InitialViewController.swift */ = {isa = PBXFileReference; lastKnownFileType = sourcecode.swift; path = InitialViewController.swift; sourceTree = "<group>"; };
		CA33ADF326520F91008BB5CC /* LocationData.swift */ = {isa = PBXFileReference; lastKnownFileType = sourcecode.swift; path = LocationData.swift; sourceTree = "<group>"; };
		CA967C9A2651D8250075B16D /* SoundWalk2021.app */ = {isa = PBXFileReference; explicitFileType = wrapper.application; includeInIndex = 0; path = SoundWalk2021.app; sourceTree = BUILT_PRODUCTS_DIR; };
		CA967C9D2651D8250075B16D /* AppDelegate.swift */ = {isa = PBXFileReference; lastKnownFileType = sourcecode.swift; path = AppDelegate.swift; sourceTree = "<group>"; };
		CA967C9F2651D8250075B16D /* SceneDelegate.swift */ = {isa = PBXFileReference; lastKnownFileType = sourcecode.swift; path = SceneDelegate.swift; sourceTree = "<group>"; };
		CA967CA12651D8250075B16D /* ViewController.swift */ = {isa = PBXFileReference; lastKnownFileType = sourcecode.swift; path = ViewController.swift; sourceTree = "<group>"; };
		CA967CA42651D8250075B16D /* Base */ = {isa = PBXFileReference; lastKnownFileType = file.storyboard; name = Base; path = Base.lproj/Main.storyboard; sourceTree = "<group>"; };
		CA967CA62651D82D0075B16D /* Assets.xcassets */ = {isa = PBXFileReference; lastKnownFileType = folder.assetcatalog; path = Assets.xcassets; sourceTree = "<group>"; };
		CA967CA92651D82D0075B16D /* Base */ = {isa = PBXFileReference; lastKnownFileType = file.storyboard; name = Base; path = Base.lproj/LaunchScreen.storyboard; sourceTree = "<group>"; };
		CA967CAB2651D82D0075B16D /* Info.plist */ = {isa = PBXFileReference; lastKnownFileType = text.plist.xml; path = Info.plist; sourceTree = "<group>"; };
		CA967CB12651DA150075B16D /* large_550_tmp_2F1500074681231-a4qcyidzlj-337bb56932b26bd2c98d56ca890dbfac_2FScreen+Shot+2017-07-14+at+7.23.55+PM.png */ = {isa = PBXFileReference; lastKnownFileType = image.png; path = "large_550_tmp_2F1500074681231-a4qcyidzlj-337bb56932b26bd2c98d56ca890dbfac_2FScreen+Shot+2017-07-14+at+7.23.55+PM.png"; sourceTree = "<group>"; };
		CA967CB32652A4930075B16D /* LocationService.swift */ = {isa = PBXFileReference; lastKnownFileType = sourcecode.swift; path = LocationService.swift; sourceTree = "<group>"; };
		CA967CB526556C6D0075B16D /* initialBackground.png */ = {isa = PBXFileReference; lastKnownFileType = image.png; path = initialBackground.png; sourceTree = "<group>"; };
		CA967CB72656E8EF0075B16D /* WashingtonParkOverlay.swift */ = {isa = PBXFileReference; lastKnownFileType = sourcecode.swift; path = WashingtonParkOverlay.swift; sourceTree = "<group>"; };
/* End PBXFileReference section */

/* Begin PBXFrameworksBuildPhase section */
		CA967C972651D8250075B16D /* Frameworks */ = {
			isa = PBXFrameworksBuildPhase;
			buildActionMask = 2147483647;
			files = (
			);
			runOnlyForDeploymentPostprocessing = 0;
		};
/* End PBXFrameworksBuildPhase section */

/* Begin PBXGroup section */
		CA967C912651D8250075B16D = {
			isa = PBXGroup;
			children = (
				CA967C9C2651D8250075B16D /* SoundWalk2021 */,
				CA967C9B2651D8250075B16D /* Products */,
			);
			sourceTree = "<group>";
		};
		CA967C9B2651D8250075B16D /* Products */ = {
			isa = PBXGroup;
			children = (
				CA967C9A2651D8250075B16D /* SoundWalk2021.app */,
			);
			name = Products;
			sourceTree = "<group>";
		};
		CA967C9C2651D8250075B16D /* SoundWalk2021 */ = {
			isa = PBXGroup;
			children = (
				CA967CB526556C6D0075B16D /* initialBackground.png */,
				CA967CB12651DA150075B16D /* large_550_tmp_2F1500074681231-a4qcyidzlj-337bb56932b26bd2c98d56ca890dbfac_2FScreen+Shot+2017-07-14+at+7.23.55+PM.png */,
				CA967C9D2651D8250075B16D /* AppDelegate.swift */,
				CA967C9F2651D8250075B16D /* SceneDelegate.swift */,
				CA967CA12651D8250075B16D /* ViewController.swift */,
				CA967CB72656E8EF0075B16D /* WashingtonParkOverlay.swift */,
				CA967CA32651D8250075B16D /* Main.storyboard */,
				CA33ADF126520D05008BB5CC /* InitialViewController.swift */,
				CA967CB32652A4930075B16D /* LocationService.swift */,
				CA33ADF326520F91008BB5CC /* LocationData.swift */,
				CA967CA62651D82D0075B16D /* Assets.xcassets */,
				CA967CA82651D82D0075B16D /* LaunchScreen.storyboard */,
				CA967CAB2651D82D0075B16D /* Info.plist */,
			);
			path = SoundWalk2021;
			sourceTree = "<group>";
		};
/* End PBXGroup section */

/* Begin PBXNativeTarget section */
		CA967C992651D8250075B16D /* SoundWalk2021 */ = {
			isa = PBXNativeTarget;
			buildConfigurationList = CA967CAE2651D82D0075B16D /* Build configuration list for PBXNativeTarget "SoundWalk2021" */;
			buildPhases = (
				CA967C962651D8250075B16D /* Sources */,
				CA967C972651D8250075B16D /* Frameworks */,
				CA967C982651D8250075B16D /* Resources */,
			);
			buildRules = (
			);
			dependencies = (
			);
			name = SoundWalk2021;
			productName = SoundWalk2021;
			productReference = CA967C9A2651D8250075B16D /* SoundWalk2021.app */;
			productType = "com.apple.product-type.application";
		};
/* End PBXNativeTarget section */

/* Begin PBXProject section */
		CA967C922651D8250075B16D /* Project object */ = {
			isa = PBXProject;
			attributes = {
				LastSwiftUpdateCheck = 1250;
				LastUpgradeCheck = 1250;
				TargetAttributes = {
					CA967C992651D8250075B16D = {
						CreatedOnToolsVersion = 12.5;
					};
				};
			};
			buildConfigurationList = CA967C952651D8250075B16D /* Build configuration list for PBXProject "SoundWalk2021" */;
			compatibilityVersion = "Xcode 9.3";
			developmentRegion = en;
			hasScannedForEncodings = 0;
			knownRegions = (
				en,
				Base,
			);
			mainGroup = CA967C912651D8250075B16D;
			productRefGroup = CA967C9B2651D8250075B16D /* Products */;
			projectDirPath = "";
			projectRoot = "";
			targets = (
				CA967C992651D8250075B16D /* SoundWalk2021 */,
			);
		};
/* End PBXProject section */

/* Begin PBXResourcesBuildPhase section */
		CA967C982651D8250075B16D /* Resources */ = {
			isa = PBXResourcesBuildPhase;
			buildActionMask = 2147483647;
			files = (
				CA967CAA2651D82D0075B16D /* LaunchScreen.storyboard in Resources */,
				CA967CB22651DA150075B16D /* large_550_tmp_2F1500074681231-a4qcyidzlj-337bb56932b26bd2c98d56ca890dbfac_2FScreen+Shot+2017-07-14+at+7.23.55+PM.png in Resources */,
				CA967CA72651D82D0075B16D /* Assets.xcassets in Resources */,
				CA967CB626556C6D0075B16D /* initialBackground.png in Resources */,
				CA967CA52651D8250075B16D /* Main.storyboard in Resources */,
			);
			runOnlyForDeploymentPostprocessing = 0;
		};
/* End PBXResourcesBuildPhase section */

/* Begin PBXSourcesBuildPhase section */
		CA967C962651D8250075B16D /* Sources */ = {
			isa = PBXSourcesBuildPhase;
			buildActionMask = 2147483647;
			files = (
				CA967CA22651D8250075B16D /* ViewController.swift in Sources */,
				CA967C9E2651D8250075B16D /* AppDelegate.swift in Sources */,
				CA967CA02651D8250075B16D /* SceneDelegate.swift in Sources */,
				CA33ADF226520D05008BB5CC /* InitialViewController.swift in Sources */,
				CA967CB42652A4930075B16D /* LocationService.swift in Sources */,
				CA967CB82656E8EF0075B16D /* WashingtonParkOverlay.swift in Sources */,
				CA33ADF426520F91008BB5CC /* LocationData.swift in Sources */,
			);
			runOnlyForDeploymentPostprocessing = 0;
		};
/* End PBXSourcesBuildPhase section */

/* Begin PBXVariantGroup section */
		CA967CA32651D8250075B16D /* Main.storyboard */ = {
			isa = PBXVariantGroup;
			children = (
				CA967CA42651D8250075B16D /* Base */,
			);
			name = Main.storyboard;
			sourceTree = "<group>";
		};
		CA967CA82651D82D0075B16D /* LaunchScreen.storyboard */ = {
			isa = PBXVariantGroup;
			children = (
				CA967CA92651D82D0075B16D /* Base */,
			);
			name = LaunchScreen.storyboard;
			sourceTree = "<group>";
		};
/* End PBXVariantGroup section */

/* Begin XCBuildConfiguration section */
		CA967CAC2651D82D0075B16D /* Debug */ = {
			isa = XCBuildConfiguration;
			buildSettings = {
				ALWAYS_SEARCH_USER_PATHS = NO;
				CLANG_ANALYZER_NONNULL = YES;
				CLANG_ANALYZER_NUMBER_OBJECT_CONVERSION = YES_AGGRESSIVE;
				CLANG_CXX_LANGUAGE_STANDARD = "gnu++14";
				CLANG_CXX_LIBRARY = "libc++";
				CLANG_ENABLE_MODULES = YES;
				CLANG_ENABLE_OBJC_ARC = YES;
				CLANG_ENABLE_OBJC_WEAK = YES;
				CLANG_WARN_BLOCK_CAPTURE_AUTORELEASING = YES;
				CLANG_WARN_BOOL_CONVERSION = YES;
				CLANG_WARN_COMMA = YES;
				CLANG_WARN_CONSTANT_CONVERSION = YES;
				CLANG_WARN_DEPRECATED_OBJC_IMPLEMENTATIONS = YES;
				CLANG_WARN_DIRECT_OBJC_ISA_USAGE = YES_ERROR;
				CLANG_WARN_DOCUMENTATION_COMMENTS = YES;
				CLANG_WARN_EMPTY_BODY = YES;
				CLANG_WARN_ENUM_CONVERSION = YES;
				CLANG_WARN_INFINITE_RECURSION = YES;
				CLANG_WARN_INT_CONVERSION = YES;
				CLANG_WARN_NON_LITERAL_NULL_CONVERSION = YES;
				CLANG_WARN_OBJC_IMPLICIT_RETAIN_SELF = YES;
				CLANG_WARN_OBJC_LITERAL_CONVERSION = YES;
				CLANG_WARN_OBJC_ROOT_CLASS = YES_ERROR;
				CLANG_WARN_QUOTED_INCLUDE_IN_FRAMEWORK_HEADER = YES;
				CLANG_WARN_RANGE_LOOP_ANALYSIS = YES;
				CLANG_WARN_STRICT_PROTOTYPES = YES;
				CLANG_WARN_SUSPICIOUS_MOVE = YES;
				CLANG_WARN_UNGUARDED_AVAILABILITY = YES_AGGRESSIVE;
				CLANG_WARN_UNREACHABLE_CODE = YES;
				CLANG_WARN__DUPLICATE_METHOD_MATCH = YES;
				COPY_PHASE_STRIP = NO;
				DEBUG_INFORMATION_FORMAT = dwarf;
				ENABLE_STRICT_OBJC_MSGSEND = YES;
				ENABLE_TESTABILITY = YES;
				GCC_C_LANGUAGE_STANDARD = gnu11;
				GCC_DYNAMIC_NO_PIC = NO;
				GCC_NO_COMMON_BLOCKS = YES;
				GCC_OPTIMIZATION_LEVEL = 0;
				GCC_PREPROCESSOR_DEFINITIONS = (
					"DEBUG=1",
					"$(inherited)",
				);
				GCC_WARN_64_TO_32_BIT_CONVERSION = YES;
				GCC_WARN_ABOUT_RETURN_TYPE = YES_ERROR;
				GCC_WARN_UNDECLARED_SELECTOR = YES;
				GCC_WARN_UNINITIALIZED_AUTOS = YES_AGGRESSIVE;
				GCC_WARN_UNUSED_FUNCTION = YES;
				GCC_WARN_UNUSED_VARIABLE = YES;
				IPHONEOS_DEPLOYMENT_TARGET = 14.5;
				MTL_ENABLE_DEBUG_INFO = INCLUDE_SOURCE;
				MTL_FAST_MATH = YES;
				ONLY_ACTIVE_ARCH = YES;
				SDKROOT = iphoneos;
				SWIFT_ACTIVE_COMPILATION_CONDITIONS = DEBUG;
				SWIFT_OPTIMIZATION_LEVEL = "-Onone";
			};
			name = Debug;
		};
		CA967CAD2651D82D0075B16D /* Release */ = {
			isa = XCBuildConfiguration;
			buildSettings = {
				ALWAYS_SEARCH_USER_PATHS = NO;
				CLANG_ANALYZER_NONNULL = YES;
				CLANG_ANALYZER_NUMBER_OBJECT_CONVERSION = YES_AGGRESSIVE;
				CLANG_CXX_LANGUAGE_STANDARD = "gnu++14";
				CLANG_CXX_LIBRARY = "libc++";
				CLANG_ENABLE_MODULES = YES;
				CLANG_ENABLE_OBJC_ARC = YES;
				CLANG_ENABLE_OBJC_WEAK = YES;
				CLANG_WARN_BLOCK_CAPTURE_AUTORELEASING = YES;
				CLANG_WARN_BOOL_CONVERSION = YES;
				CLANG_WARN_COMMA = YES;
				CLANG_WARN_CONSTANT_CONVERSION = YES;
				CLANG_WARN_DEPRECATED_OBJC_IMPLEMENTATIONS = YES;
				CLANG_WARN_DIRECT_OBJC_ISA_USAGE = YES_ERROR;
				CLANG_WARN_DOCUMENTATION_COMMENTS = YES;
				CLANG_WARN_EMPTY_BODY = YES;
				CLANG_WARN_ENUM_CONVERSION = YES;
				CLANG_WARN_INFINITE_RECURSION = YES;
				CLANG_WARN_INT_CONVERSION = YES;
				CLANG_WARN_NON_LITERAL_NULL_CONVERSION = YES;
				CLANG_WARN_OBJC_IMPLICIT_RETAIN_SELF = YES;
				CLANG_WARN_OBJC_LITERAL_CONVERSION = YES;
				CLANG_WARN_OBJC_ROOT_CLASS = YES_ERROR;
				CLANG_WARN_QUOTED_INCLUDE_IN_FRAMEWORK_HEADER = YES;
				CLANG_WARN_RANGE_LOOP_ANALYSIS = YES;
				CLANG_WARN_STRICT_PROTOTYPES = YES;
				CLANG_WARN_SUSPICIOUS_MOVE = YES;
				CLANG_WARN_UNGUARDED_AVAILABILITY = YES_AGGRESSIVE;
				CLANG_WARN_UNREACHABLE_CODE = YES;
				CLANG_WARN__DUPLICATE_METHOD_MATCH = YES;
				COPY_PHASE_STRIP = NO;
				DEBUG_INFORMATION_FORMAT = "dwarf-with-dsym";
				ENABLE_NS_ASSERTIONS = NO;
				ENABLE_STRICT_OBJC_MSGSEND = YES;
				GCC_C_LANGUAGE_STANDARD = gnu11;
				GCC_NO_COMMON_BLOCKS = YES;
				GCC_WARN_64_TO_32_BIT_CONVERSION = YES;
				GCC_WARN_ABOUT_RETURN_TYPE = YES_ERROR;
				GCC_WARN_UNDECLARED_SELECTOR = YES;
				GCC_WARN_UNINITIALIZED_AUTOS = YES_AGGRESSIVE;
				GCC_WARN_UNUSED_FUNCTION = YES;
				GCC_WARN_UNUSED_VARIABLE = YES;
				IPHONEOS_DEPLOYMENT_TARGET = 14.5;
				MTL_ENABLE_DEBUG_INFO = NO;
				MTL_FAST_MATH = YES;
				SDKROOT = iphoneos;
				SWIFT_COMPILATION_MODE = wholemodule;
				SWIFT_OPTIMIZATION_LEVEL = "-O";
				VALIDATE_PRODUCT = YES;
			};
			name = Release;
		};
		CA967CAF2651D82D0075B16D /* Debug */ = {
			isa = XCBuildConfiguration;
			buildSettings = {
				ASSETCATALOG_COMPILER_APPICON_NAME = AppIcon;
				ASSETCATALOG_COMPILER_GLOBAL_ACCENT_COLOR_NAME = AccentColor;
				CODE_SIGN_STYLE = Automatic;
				DEVELOPMENT_TEAM = 897UR99739;
				INFOPLIST_FILE = SoundWalk2021/Info.plist;
				IPHONEOS_DEPLOYMENT_TARGET = 13.6;
				LD_RUNPATH_SEARCH_PATHS = (
					"$(inherited)",
					"@executable_path/Frameworks",
				);
				PRODUCT_BUNDLE_IDENTIFIER = com.simeone.SoundWalk2021;
				PRODUCT_NAME = "$(TARGET_NAME)";
				SWIFT_VERSION = 5.0;
				TARGETED_DEVICE_FAMILY = "1,2";
			};
			name = Debug;
		};
		CA967CB02651D82D0075B16D /* Release */ = {
			isa = XCBuildConfiguration;
			buildSettings = {
				ASSETCATALOG_COMPILER_APPICON_NAME = AppIcon;
				ASSETCATALOG_COMPILER_GLOBAL_ACCENT_COLOR_NAME = AccentColor;
				CODE_SIGN_STYLE = Automatic;
				DEVELOPMENT_TEAM = 897UR99739;
				INFOPLIST_FILE = SoundWalk2021/Info.plist;
				IPHONEOS_DEPLOYMENT_TARGET = 13.6;
				LD_RUNPATH_SEARCH_PATHS = (
					"$(inherited)",
					"@executable_path/Frameworks",
				);
				PRODUCT_BUNDLE_IDENTIFIER = com.simeone.SoundWalk2021;
				PRODUCT_NAME = "$(TARGET_NAME)";
				SWIFT_VERSION = 5.0;
				TARGETED_DEVICE_FAMILY = "1,2";
			};
			name = Release;
		};
/* End XCBuildConfiguration section */

/* Begin XCConfigurationList section */
		CA967C952651D8250075B16D /* Build configuration list for PBXProject "SoundWalk2021" */ = {
			isa = XCConfigurationList;
			buildConfigurations = (
				CA967CAC2651D82D0075B16D /* Debug */,
				CA967CAD2651D82D0075B16D /* Release */,
			);
			defaultConfigurationIsVisible = 0;
			defaultConfigurationName = Release;
		};
		CA967CAE2651D82D0075B16D /* Build configuration list for PBXNativeTarget "SoundWalk2021" */ = {
			isa = XCConfigurationList;
			buildConfigurations = (
				CA967CAF2651D82D0075B16D /* Debug */,
				CA967CB02651D82D0075B16D /* Release */,
			);
			defaultConfigurationIsVisible = 0;
			defaultConfigurationName = Release;
		};
/* End XCConfigurationList section */
	};
	rootObject = CA967C922651D8250075B16D /* Project object */;
}
